
Microsoft Visual Studio Solution File, Format Version 12.00
# Visual Studio Version 17
VisualStudioVersion = 17.4.33110.190
MinimumVisualStudioVersion = 10.0.40219.1
Project("{FAE04EC0-301F-11D3-BF4B-00C04F79EFBC}") = "lab3", "lab3\lab3.csproj", "{0858169C-1FAF-41D9-B75F-203B0A990CCA}"
EndProject
Global
	GlobalSection(SolutionConfigurationPlatforms) = preSolution
		Debug|Any CPU = Debug|Any CPU
		Release|Any CPU = Release|Any CPU
	EndGlobalSection
	GlobalSection(ProjectConfigurationPlatforms) = postSolution
		{0858169C-1FAF-41D9-B75F-203B0A990CCA}.Debug|Any CPU.ActiveCfg = Debug|Any CPU
		{0858169C-1FAF-41D9-B75F-203B0A990CCA}.Debug|Any CPU.Build.0 = Debug|Any CPU
		{0858169C-1FAF-41D9-B75F-203B0A990CCA}.Release|Any CPU.ActiveCfg = Release|Any CPU
		{0858169C-1FAF-41D9-B75F-203B0A990CCA}.Release|Any CPU.Build.0 = Release|Any CPU
	EndGlobalSection
	GlobalSection(SolutionProperties) = preSolution
		HideSolutionNode = FALSE
	EndGlobalSection
	GlobalSection(ExtensibilityGlobals) = postSolution
		SolutionGuid = {79B2EC40-75ED-49FF-8133-7CBD94E0EC58}
	EndGlobalSection
EndGlobal
