
Microsoft Visual Studio Solution File, Format Version 12.00
# Visual Studio Version 17
VisualStudioVersion = 17.4.33110.190
MinimumVisualStudioVersion = 10.0.40219.1
Project("{FAE04EC0-301F-11D3-BF4B-00C04F79EFBC}") = "Timerzyanov_autoservice", "Timerzyanov_autoservice\Timerzyanov_autoservice.csproj", "{45263FEA-FE99-41D9-8178-C743FE2FB1D9}"
EndProject
Global
	GlobalSection(SolutionConfigurationPlatforms) = preSolution
		Debug|Any CPU = Debug|Any CPU
		Release|Any CPU = Release|Any CPU
	EndGlobalSection
	GlobalSection(ProjectConfigurationPlatforms) = postSolution
		{45263FEA-FE99-41D9-8178-C743FE2FB1D9}.Debug|Any CPU.ActiveCfg = Debug|Any CPU
		{45263FEA-FE99-41D9-8178-C743FE2FB1D9}.Debug|Any CPU.Build.0 = Debug|Any CPU
		{45263FEA-FE99-41D9-8178-C743FE2FB1D9}.Release|Any CPU.ActiveCfg = Release|Any CPU
		{45263FEA-FE99-41D9-8178-C743FE2FB1D9}.Release|Any CPU.Build.0 = Release|Any CPU
	EndGlobalSection
	GlobalSection(SolutionProperties) = preSolution
		HideSolutionNode = FALSE
	EndGlobalSection
	GlobalSection(ExtensibilityGlobals) = postSolution
		SolutionGuid = {B9AA1A6E-CC90-43DB-9787-29057DE8F3EC}
	EndGlobalSection
EndGlobal
